{
    "_meta": {
        "hash": {
            "sha256": "0fdf3117a0c75873a17fa392941d8770495f00616136a8b9e4ee44c708869281"
        },
        "pipfile-spec": 6,
        "requires": {},
        "sources": [
            {
                "name": "pypi",
                "url": "https://pypi.org/simple",
                "verify_ssl": true
            }
        ]
    },
    "default": {
        "asgiref": {
            "hashes": [
                "sha256:89b2ef2247e3b562a16eef663bc0e2e703ec6468e2fa8a5cd61cd449786d4f6e",
                "sha256:9e0ce3aa93a819ba5b45120216b23878cf6e8525eb3848653452b4192b92afed"
            ],
            "markers": "python_version >= '3.7'",
            "version": "==3.7.2"
        },
        "django": {
            "hashes": [
                "sha256:066b6debb5ac335458d2a713ed995570536c8b59a580005acb0732378d5eb1ee",
                "sha256:7efa6b1f781a6119a10ac94b4794ded90db8accbe7802281cd26f8664ffed59c"
            ],
            "index": "pypi",
            "version": "==4.2.1"
        },
        "django-cors-headers": {
            "hashes": [
                "sha256:a971cd4c75b29974068cc36b5c595698822f1e0edd5f1b32ea42ea37326ad4aa",
                "sha256:e3cbd247a1a835da4cf71a70d4214378813ea7e08337778b82cb2c1bc19d28d6"
            ],
            "index": "pypi",
            "version": "==4.0.0"
        },
        "djangorestframework": {
            "hashes": [
                "sha256:579a333e6256b09489cbe0a067e66abe55c6595d8926be6b99423786334350c8",
                "sha256:eb63f58c9f218e1a7d064d17a70751f528ed4e1d35547fdade9aaf4cd103fd08"
            ],
            "index": "pypi",
            "version": "==3.14.0"
        },
        "djangorestframework-simplejwt": {
            "hashes": [
                "sha256:4c0d2e2513e12587d93501ac091781684a216c3ee614eb3b5a10586aef5ca845",
                "sha256:d27d4bcac2c6394f678dea8b4d0d511c6e18a7f2eb8aaeeb8a7de601aeb77c42"
            ],
            "index": "pypi",
            "version": "==5.2.2"
        },
        "mysql-connector-python": {
            "hashes": [
                "sha256:136630a0a7c52e84851fb8f622dee03b1b7e797b7f5639f3f4965825cdcd6567",
                "sha256:1d2be3287689aff582ec58e4b4f053a2fd097a73f3330138330408595824e5e1",
                "sha256:3da7a33da3ee28f0175dcac8084900e0e97ab28e2711129711d651acd8eb4241",
                "sha256:3f85fa406b74517daad49c584f068478941963d5cccc4a7a140d577b17f393fb",
                "sha256:4de9aab6fddc67ac105e576bf0b5a507795a13ce3bba6959f5c401885119c080",
                "sha256:547b16542fa7eae657c48bae0b126a5757cda5d1e8356139f4514f1cc6efbde3",
                "sha256:62e939c88a1be022b25023e5a4ba21472bfe563d2c3487c3286605d6ecc45214",
                "sha256:69c4071f3b397e862b7f4c8d7ad0c88417687fbaf308167f9f3e63bcf0f24f25",
                "sha256:7e053c818dff6dc42c1f40861918a377b2b60aa3987fed7e40587d2467881844",
                "sha256:84008628cfe6aca25eb2d7cef1c255b017dc32ad8b4a78e29089c0f2cd627820",
                "sha256:a139ecea8fa49df0aa9df71d4bf9c30ae250034b8f1580c7f9ba96d531920a1f",
                "sha256:b8659919b4d6973764de7bdcb8d2d9563fb5d7d5ed6386bc6fce494421455145",
                "sha256:c10e4f47f1ab04a17f6ab50e39dbf99c81c6213b89533b901ccca57c3e78ade6",
                "sha256:d822d0bfe171a7d4aec735f37e8a10dec13338f93ec3f879c90ef4c687c7c699",
                "sha256:eaaa4a41e8508bc0eee5c39f5bb4454cc6d091a332535e988d09746ab4428f3e",
                "sha256:f5fde784da884fe4f6f4734c0c356b6bf8f1a55fe770bc3ee0ded3d111f6123a",
                "sha256:fdbb4d0ecd326952eff557d6e597a1350a4f40c206f669dd2f8f487518ef7d0f"
            ],
            "index": "pypi",
            "version": "==8.0.26"
        },
        "protobuf": {
            "hashes": [
                "sha256:09310bce43353b46d73ba7e3bca78273b9bc50349509b9698e64d288c6372c2a",
                "sha256:20874e7ca4436f683b64ebdbee2129a5a2c301579a67d1a7dda2cdf62fb7f5f7",
                "sha256:25e3370eda26469b58b602e29dff069cfaae8eaa0ef4550039cc5ef8dc004511",
                "sha256:281342ea5eb631c86697e1e048cb7e73b8a4e85f3299a128c116f05f5c668f8f",
                "sha256:384dd44cb4c43f2ccddd3645389a23ae61aeb8cfa15ca3a0f60e7c3ea09b28b3",
                "sha256:54a533b971288af3b9926e53850c7eb186886c0c84e61daa8444385a4720297f",
                "sha256:6c081863c379bb1741be8f8193e893511312b1d7329b4a75445d1ea9955be69e",
                "sha256:86df87016d290143c7ce3be3ad52d055714ebaebb57cc659c387e76cfacd81aa",
                "sha256:8da6070310d634c99c0db7df48f10da495cc283fd9e9234877f0cd182d43ab7f",
                "sha256:b2cfab63a230b39ae603834718db74ac11e52bccaaf19bf20f5cce1a84cf76df",
                "sha256:c52cfcbfba8eb791255edd675c1fe6056f723bf832fa67f0442218f8817c076e",
                "sha256:ce744938406de1e64b91410f473736e815f28c3b71201302612a68bf01517fea",
                "sha256:efabbbbac1ab519a514579ba9ec52f006c28ae19d97915951f69fa70da2c9e91"
            ],
            "markers": "python_version >= '3.7'",
            "version": "==4.23.2"
        },
        "pyjwt": {
            "hashes": [
                "sha256:ba2b425b15ad5ef12f200dc67dd56af4e26de2331f965c5439994dad075876e1",
                "sha256:bd6ca4a3c4285c1a2d4349e5a035fdf8fb94e04ccd0fcbe6ba289dae9cc3e074"
            ],
            "markers": "python_version >= '3.7'",
            "version": "==2.7.0"
        },
        "pytz": {
            "hashes": [
                "sha256:1d8ce29db189191fb55338ee6d0387d82ab59f3d00eac103412d64e0ebd0c588",
                "sha256:a151b3abb88eda1d4e34a9814df37de2a80e301e68ba0fd856fb9b46bfbbbffb"
            ],
            "version": "==2023.3"
        },
        "sqlparse": {
            "hashes": [
                "sha256:5430a4fe2ac7d0f93e66f1efc6e1338a41884b7ddf2a350cedd20ccc4d9d28f3",
                "sha256:d446183e84b8349fa3061f0fe7f06ca94ba65b426946ffebe6e3e8295332420c"
            ],
            "markers": "python_version >= '3.5'",
            "version": "==0.4.4"
        },
        "typing-extensions": {
            "hashes": [
                "sha256:06006244c70ac8ee83fa8282cb188f697b8db25bc8b4df07be1873c43897060c",
                "sha256:3a8b36f13dd5fdc5d1b16fe317f5668545de77fa0b8e02006381fd49d731ab98"
            ],
            "markers": "python_version < '3.11'",
            "version": "==4.6.2"
        },
        "tzdata": {
            "hashes": [
                "sha256:11ef1e08e54acb0d4f95bdb1be05da659673de4acbd21bf9c69e94cc5e907a3a",
                "sha256:7e65763eef3120314099b6939b5546db7adce1e7d6f2e179e3df563c70511eda"
            ],
            "index": "pypi",
            "version": "==2023.3"
        }
    },
    "develop": {
        "autopep8": {
            "hashes": [
                "sha256:86e9303b5e5c8160872b2f5ef611161b2893e9bfe8ccc7e2f76385947d57a2f1",
                "sha256:f9849cdd62108cb739dbcdbfb7fdcc9a30d1b63c4cc3e1c1f893b5360941b61c"
            ],
            "index": "pypi",
            "version": "==2.0.2"
        },
        "pycodestyle": {
            "hashes": [
                "sha256:347187bdb476329d98f695c213d7295a846d1152ff4fe9bacb8a9590b8ee7053",
                "sha256:8a4eaf0d0495c7395bdab3589ac2db602797d76207242c17d470186815706610"
            ],
            "markers": "python_version >= '3.6'",
            "version": "==2.10.0"
        },
        "tomli": {
            "hashes": [
                "sha256:939de3e7a6161af0c887ef91b7d41a53e7c5a1ca976325f429cb46ea9bc30ecc",
                "sha256:de526c12914f0c550d15924c62d72abc48d6fe7364aa87328337a31007fe8a4f"
            ],
            "markers": "python_version < '3.11'",
            "version": "==2.0.1"
        }
    }
}
